
Microsoft Visual Studio Solution File, Format Version 12.00
# Visual Studio Version 16
VisualStudioVersion = 16.0.31105.61
MinimumVisualStudioVersion = 10.0.40219.1
Project("{9A19103F-16F7-4668-BE54-9A1E7A4F7556}") = "TypeInfer", "TypeInfer\TypeInfer.csproj", "{69C7190C-89DB-4B64-9412-9FA2C47EDDC0}"
EndProject
Project("{2150E333-8FDC-42A3-9474-1A3956D46DE8}") = "Solution Items", "Solution Items", "{31C977B6-B0BE-44EE-9154-343E0E9C9458}"
	ProjectSection(SolutionItems) = preProject
		.editorconfig = .editorconfig
		.gitattributes = .gitattributes
		.gitignore = .gitignore
		LICENSE = LICENSE
		README.md = README.md
	EndProjectSection
EndProject
Project("{FAE04EC0-301F-11D3-BF4B-00C04F79EFBC}") = "TypeInfer.Test", "TypeInfer.Test\TypeInfer.Test.csproj", "{477F1713-C85C-4F2E-B7EB-82E0C4A56962}"
EndProject
Global
	GlobalSection(SolutionConfigurationPlatforms) = preSolution
		Debug|Any CPU = Debug|Any CPU
		Release|Any CPU = Release|Any CPU
	EndGlobalSection
	GlobalSection(ProjectConfigurationPlatforms) = postSolution
		{69C7190C-89DB-4B64-9412-9FA2C47EDDC0}.Debug|Any CPU.ActiveCfg = Debug|Any CPU
		{69C7190C-89DB-4B64-9412-9FA2C47EDDC0}.Debug|Any CPU.Build.0 = Debug|Any CPU
		{69C7190C-89DB-4B64-9412-9FA2C47EDDC0}.Release|Any CPU.ActiveCfg = Release|Any CPU
		{69C7190C-89DB-4B64-9412-9FA2C47EDDC0}.Release|Any CPU.Build.0 = Release|Any CPU
		{477F1713-C85C-4F2E-B7EB-82E0C4A56962}.Debug|Any CPU.ActiveCfg = Debug|Any CPU
		{477F1713-C85C-4F2E-B7EB-82E0C4A56962}.Debug|Any CPU.Build.0 = Debug|Any CPU
		{477F1713-C85C-4F2E-B7EB-82E0C4A56962}.Release|Any CPU.ActiveCfg = Release|Any CPU
		{477F1713-C85C-4F2E-B7EB-82E0C4A56962}.Release|Any CPU.Build.0 = Release|Any CPU
	EndGlobalSection
	GlobalSection(SolutionProperties) = preSolution
		HideSolutionNode = FALSE
	EndGlobalSection
	GlobalSection(ExtensibilityGlobals) = postSolution
		SolutionGuid = {A9FFF2F9-819F-4917-A007-FC6A18148D40}
	EndGlobalSection
EndGlobal
